// !$*UTF8*$!
{
	archiveVersion = 1;
	classes = {
	};
	objectVersion = 46;
	objects = {

/* Begin PBXBuildFile section */
		0D0B513921C51B839CB4D205 /* libPods-tod.a in Frameworks */ = {isa = PBXBuildFile; fileRef = B3DE836F6536D6E4D401E809 /* libPods-tod.a */; };
		46C74BA46BF917A1A6E1ACE8 /* libPods-todTests.a in Frameworks */ = {isa = PBXBuildFile; fileRef = 064851C8B93CCC1C6C20041B /* libPods-todTests.a */; };
		7A2F8ACAEA3699667CF71395 /* libPods-todUITests.a in Frameworks */ = {isa = PBXBuildFile; fileRef = 37AF02445F46F7CCF45DDD64 /* libPods-todUITests.a */; };
		CCEAD6D11F3B566C0018404E /* main.m in Sources */ = {isa = PBXBuildFile; fileRef = CCEAD6D01F3B566C0018404E /* main.m */; };
		CCEAD6D41F3B566C0018404E /* AppDelegate.m in Sources */ = {isa = PBXBuildFile; fileRef = CCEAD6D31F3B566C0018404E /* AppDelegate.m */; };
		CCEAD6D71F3B566C0018404E /* ViewController.m in Sources */ = {isa = PBXBuildFile; fileRef = CCEAD6D61F3B566C0018404E /* ViewController.m */; };
		CCEAD6DA1F3B566C0018404E /* Main.storyboard in Resources */ = {isa = PBXBuildFile; fileRef = CCEAD6D81F3B566C0018404E /* Main.storyboard */; };
		CCEAD6DD1F3B566C0018404E /* tod.xcdatamodeld in Sources */ = {isa = PBXBuildFile; fileRef = CCEAD6DB1F3B566C0018404E /* tod.xcdatamodeld */; };
		CCEAD6DF1F3B566C0018404E /* Assets.xcassets in Resources */ = {isa = PBXBuildFile; fileRef = CCEAD6DE1F3B566C0018404E /* Assets.xcassets */; };
		CCEAD6E21F3B566C0018404E /* LaunchScreen.storyboard in Resources */ = {isa = PBXBuildFile; fileRef = CCEAD6E01F3B566C0018404E /* LaunchScreen.storyboard */; };
		CCEAD6ED1F3B566C0018404E /* todTests.m in Sources */ = {isa = PBXBuildFile; fileRef = CCEAD6EC1F3B566C0018404E /* todTests.m */; };
		CCEAD6F81F3B566C0018404E /* todUITests.m in Sources */ = {isa = PBXBuildFile; fileRef = CCEAD6F71F3B566C0018404E /* todUITests.m */; };
/* End PBXBuildFile section */

/* Begin PBXContainerItemProxy section */
		CCEAD6E91F3B566C0018404E /* PBXContainerItemProxy */ = {
			isa = PBXContainerItemProxy;
			containerPortal = CCEAD6C41F3B566B0018404E /* Project object */;
			proxyType = 1;
			remoteGlobalIDString = CCEAD6CB1F3B566B0018404E;
			remoteInfo = tod;
		};
		CCEAD6F41F3B566C0018404E /* PBXContainerItemProxy */ = {
			isa = PBXContainerItemProxy;
			containerPortal = CCEAD6C41F3B566B0018404E /* Project object */;
			proxyType = 1;
			remoteGlobalIDString = CCEAD6CB1F3B566B0018404E;
			remoteInfo = tod;
		};
/* End PBXContainerItemProxy section */

/* Begin PBXFileReference section */
		064851C8B93CCC1C6C20041B /* libPods-todTests.a */ = {isa = PBXFileReference; explicitFileType = archive.ar; includeInIndex = 0; path = "libPods-todTests.a"; sourceTree = BUILT_PRODUCTS_DIR; };
		246C27620041DDBFA42B8BA6 /* Pods-tod.release.xcconfig */ = {isa = PBXFileReference; includeInIndex = 1; lastKnownFileType = text.xcconfig; name = "Pods-tod.release.xcconfig"; path = "Pods/Target Support Files/Pods-tod/Pods-tod.release.xcconfig"; sourceTree = "<group>"; };
		256D6F849D3329CD4FA91A8A /* Pods-todUITests.release.xcconfig */ = {isa = PBXFileReference; includeInIndex = 1; lastKnownFileType = text.xcconfig; name = "Pods-todUITests.release.xcconfig"; path = "Pods/Target Support Files/Pods-todUITests/Pods-todUITests.release.xcconfig"; sourceTree = "<group>"; };
		2FEA75576034791608350965 /* Pods-todTests.release.xcconfig */ = {isa = PBXFileReference; includeInIndex = 1; lastKnownFileType = text.xcconfig; name = "Pods-todTests.release.xcconfig"; path = "Pods/Target Support Files/Pods-todTests/Pods-todTests.release.xcconfig"; sourceTree = "<group>"; };
		37AF02445F46F7CCF45DDD64 /* libPods-todUITests.a */ = {isa = PBXFileReference; explicitFileType = archive.ar; includeInIndex = 0; path = "libPods-todUITests.a"; sourceTree = BUILT_PRODUCTS_DIR; };
		97635A9A5080073ED18631FA /* Pods-tod.debug.xcconfig */ = {isa = PBXFileReference; includeInIndex = 1; lastKnownFileType = text.xcconfig; name = "Pods-tod.debug.xcconfig"; path = "Pods/Target Support Files/Pods-tod/Pods-tod.debug.xcconfig"; sourceTree = "<group>"; };
		B3DE836F6536D6E4D401E809 /* libPods-tod.a */ = {isa = PBXFileReference; explicitFileType = archive.ar; includeInIndex = 0; path = "libPods-tod.a"; sourceTree = BUILT_PRODUCTS_DIR; };
		C25B883D4E74296E52828D68 /* Pods-todTests.debug.xcconfig */ = {isa = PBXFileReference; includeInIndex = 1; lastKnownFileType = text.xcconfig; name = "Pods-todTests.debug.xcconfig"; path = "Pods/Target Support Files/Pods-todTests/Pods-todTests.debug.xcconfig"; sourceTree = "<group>"; };
		CCEAD6CC1F3B566C0018404E /* tod.app */ = {isa = PBXFileReference; explicitFileType = wrapper.application; includeInIndex = 0; path = tod.app; sourceTree = BUILT_PRODUCTS_DIR; };
		CCEAD6D01F3B566C0018404E /* main.m */ = {isa = PBXFileReference; lastKnownFileType = sourcecode.c.objc; path = main.m; sourceTree = "<group>"; };
		CCEAD6D21F3B566C0018404E /* AppDelegate.h */ = {isa = PBXFileReference; lastKnownFileType = sourcecode.c.h; path = AppDelegate.h; sourceTree = "<group>"; };
		CCEAD6D31F3B566C0018404E /* AppDelegate.m */ = {isa = PBXFileReference; lastKnownFileType = sourcecode.c.objc; path = AppDelegate.m; sourceTree = "<group>"; };
		CCEAD6D51F3B566C0018404E /* ViewController.h */ = {isa = PBXFileReference; lastKnownFileType = sourcecode.c.h; path = ViewController.h; sourceTree = "<group>"; };
		CCEAD6D61F3B566C0018404E /* ViewController.m */ = {isa = PBXFileReference; lastKnownFileType = sourcecode.c.objc; path = ViewController.m; sourceTree = "<group>"; };
		CCEAD6D91F3B566C0018404E /* Base */ = {isa = PBXFileReference; lastKnownFileType = file.storyboard; name = Base; path = Base.lproj/Main.storyboard; sourceTree = "<group>"; };
		CCEAD6DC1F3B566C0018404E /* tod.xcdatamodel */ = {isa = PBXFileReference; lastKnownFileType = wrapper.xcdatamodel; path = tod.xcdatamodel; sourceTree = "<group>"; };
		CCEAD6DE1F3B566C0018404E /* Assets.xcassets */ = {isa = PBXFileReference; lastKnownFileType = folder.assetcatalog; path = Assets.xcassets; sourceTree = "<group>"; };
		CCEAD6E11F3B566C0018404E /* Base */ = {isa = PBXFileReference; lastKnownFileType = file.storyboard; name = Base; path = Base.lproj/LaunchScreen.storyboard; sourceTree = "<group>"; };
		CCEAD6E31F3B566C0018404E /* Info.plist */ = {isa = PBXFileReference; lastKnownFileType = text.plist.xml; path = Info.plist; sourceTree = "<group>"; };
		CCEAD6E81F3B566C0018404E /* todTests.xctest */ = {isa = PBXFileReference; explicitFileType = wrapper.cfbundle; includeInIndex = 0; path = todTests.xctest; sourceTree = BUILT_PRODUCTS_DIR; };
		CCEAD6EC1F3B566C0018404E /* todTests.m */ = {isa = PBXFileReference; lastKnownFileType = sourcecode.c.objc; path = todTests.m; sourceTree = "<group>"; };
		CCEAD6EE1F3B566C0018404E /* Info.plist */ = {isa = PBXFileReference; lastKnownFileType = text.plist.xml; path = Info.plist; sourceTree = "<group>"; };
		CCEAD6F31F3B566C0018404E /* todUITests.xctest */ = {isa = PBXFileReference; explicitFileType = wrapper.cfbundle; includeInIndex = 0; path = todUITests.xctest; sourceTree = BUILT_PRODUCTS_DIR; };
		CCEAD6F71F3B566C0018404E /* todUITests.m */ = {isa = PBXFileReference; lastKnownFileType = sourcecode.c.objc; path = todUITests.m; sourceTree = "<group>"; };
		CCEAD6F91F3B566C0018404E /* Info.plist */ = {isa = PBXFileReference; lastKnownFileType = text.plist.xml; path = Info.plist; sourceTree = "<group>"; };
		CCEAD7061F3F52B60018404E /* TodModel.h */ = {isa = PBXFileReference; fileEncoding = 4; lastKnownFileType = sourcecode.c.h; path = TodModel.h; sourceTree = "<group>"; };
		D614DE96C126B69C270A058E /* Pods-todUITests.debug.xcconfig */ = {isa = PBXFileReference; includeInIndex = 1; lastKnownFileType = text.xcconfig; name = "Pods-todUITests.debug.xcconfig"; path = "Pods/Target Support Files/Pods-todUITests/Pods-todUITests.debug.xcconfig"; sourceTree = "<group>"; };
/* End PBXFileReference section */

/* Begin PBXFrameworksBuildPhase section */
		CCEAD6C91F3B566B0018404E /* Frameworks */ = {
			isa = PBXFrameworksBuildPhase;
			buildActionMask = 2147483647;
			files = (
				0D0B513921C51B839CB4D205 /* libPods-tod.a in Frameworks */,
			);
			runOnlyForDeploymentPostprocessing = 0;
		};
		CCEAD6E51F3B566C0018404E /* Frameworks */ = {
			isa = PBXFrameworksBuildPhase;
			buildActionMask = 2147483647;
			files = (
				46C74BA46BF917A1A6E1ACE8 /* libPods-todTests.a in Frameworks */,
			);
			runOnlyForDeploymentPostprocessing = 0;
		};
		CCEAD6F01F3B566C0018404E /* Frameworks */ = {
			isa = PBXFrameworksBuildPhase;
			buildActionMask = 2147483647;
			files = (
				7A2F8ACAEA3699667CF71395 /* libPods-todUITests.a in Frameworks */,
			);
			runOnlyForDeploymentPostprocessing = 0;
		};
/* End PBXFrameworksBuildPhase section */

/* Begin PBXGroup section */
		24C6A4588716744E4BBB7594 /* Pods */ = {
			isa = PBXGroup;
			children = (
				97635A9A5080073ED18631FA /* Pods-tod.debug.xcconfig */,
				246C27620041DDBFA42B8BA6 /* Pods-tod.release.xcconfig */,
				C25B883D4E74296E52828D68 /* Pods-todTests.debug.xcconfig */,
				2FEA75576034791608350965 /* Pods-todTests.release.xcconfig */,
				D614DE96C126B69C270A058E /* Pods-todUITests.debug.xcconfig */,
				256D6F849D3329CD4FA91A8A /* Pods-todUITests.release.xcconfig */,
			);
			name = Pods;
			sourceTree = "<group>";
		};
		9268196B366B0BCE143335EB /* Frameworks */ = {
			isa = PBXGroup;
			children = (
				B3DE836F6536D6E4D401E809 /* libPods-tod.a */,
				064851C8B93CCC1C6C20041B /* libPods-todTests.a */,
				37AF02445F46F7CCF45DDD64 /* libPods-todUITests.a */,
			);
			name = Frameworks;
			sourceTree = "<group>";
		};
		CCEAD6C31F3B566B0018404E = {
			isa = PBXGroup;
			children = (
				CCEAD6CE1F3B566C0018404E /* tod */,
				CCEAD6EB1F3B566C0018404E /* todTests */,
				CCEAD6F61F3B566C0018404E /* todUITests */,
				CCEAD6CD1F3B566C0018404E /* Products */,
				24C6A4588716744E4BBB7594 /* Pods */,
				9268196B366B0BCE143335EB /* Frameworks */,
			);
			sourceTree = "<group>";
		};
		CCEAD6CD1F3B566C0018404E /* Products */ = {
			isa = PBXGroup;
			children = (
				CCEAD6CC1F3B566C0018404E /* tod.app */,
				CCEAD6E81F3B566C0018404E /* todTests.xctest */,
				CCEAD6F31F3B566C0018404E /* todUITests.xctest */,
			);
			name = Products;
			sourceTree = "<group>";
		};
		CCEAD6CE1F3B566C0018404E /* tod */ = {
			isa = PBXGroup;
			children = (
				CCEAD7051F3F51370018404E /* Models */,
				CCEAD6D21F3B566C0018404E /* AppDelegate.h */,
				CCEAD6D31F3B566C0018404E /* AppDelegate.m */,
				CCEAD6D51F3B566C0018404E /* ViewController.h */,
				CCEAD6D61F3B566C0018404E /* ViewController.m */,
				CCEAD6D81F3B566C0018404E /* Main.storyboard */,
				CCEAD6DE1F3B566C0018404E /* Assets.xcassets */,
				CCEAD6E01F3B566C0018404E /* LaunchScreen.storyboard */,
				CCEAD6E31F3B566C0018404E /* Info.plist */,
				CCEAD6DB1F3B566C0018404E /* tod.xcdatamodeld */,
				CCEAD6CF1F3B566C0018404E /* Supporting Files */,
			);
			path = tod;
			sourceTree = "<group>";
		};
		CCEAD6CF1F3B566C0018404E /* Supporting Files */ = {
			isa = PBXGroup;
			children = (
				CCEAD6D01F3B566C0018404E /* main.m */,
			);
			name = "Supporting Files";
			sourceTree = "<group>";
		};
		CCEAD6EB1F3B566C0018404E /* todTests */ = {
			isa = PBXGroup;
			children = (
				CCEAD6EC1F3B566C0018404E /* todTests.m */,
				CCEAD6EE1F3B566C0018404E /* Info.plist */,
			);
			path = todTests;
			sourceTree = "<group>";
		};
		CCEAD6F61F3B566C0018404E /* todUITests */ = {
			isa = PBXGroup;
			children = (
				CCEAD6F71F3B566C0018404E /* todUITests.m */,
				CCEAD6F91F3B566C0018404E /* Info.plist */,
			);
			path = todUITests;
			sourceTree = "<group>";
		};
		CCEAD7051F3F51370018404E /* Models */ = {
			isa = PBXGroup;
			children = (
				CCEAD7061F3F52B60018404E /* TodModel.h */,
			);
			name = Models;
			sourceTree = "<group>";
		};
/* End PBXGroup section */

/* Begin PBXNativeTarget section */
		CCEAD6CB1F3B566B0018404E /* tod */ = {
			isa = PBXNativeTarget;
			buildConfigurationList = CCEAD6FC1F3B566C0018404E /* Build configuration list for PBXNativeTarget "tod" */;
			buildPhases = (
				797567B8BA6FF9777730FA71 /* [CP] Check Pods Manifest.lock */,
				CCEAD6C81F3B566B0018404E /* Sources */,
				CCEAD6C91F3B566B0018404E /* Frameworks */,
				CCEAD6CA1F3B566B0018404E /* Resources */,
				814534C3771E20F7664728A4 /* [CP] Embed Pods Frameworks */,
				9FADAF829227E76C519C62C9 /* [CP] Copy Pods Resources */,
			);
			buildRules = (
			);
			dependencies = (
			);
			name = tod;
			productName = tod;
			productReference = CCEAD6CC1F3B566C0018404E /* tod.app */;
			productType = "com.apple.product-type.application";
		};
		CCEAD6E71F3B566C0018404E /* todTests */ = {
			isa = PBXNativeTarget;
			buildConfigurationList = CCEAD6FF1F3B566C0018404E /* Build configuration list for PBXNativeTarget "todTests" */;
			buildPhases = (
				40F7C7D4B9E34DFBD596EC33 /* [CP] Check Pods Manifest.lock */,
				CCEAD6E41F3B566C0018404E /* Sources */,
				CCEAD6E51F3B566C0018404E /* Frameworks */,
				CCEAD6E61F3B566C0018404E /* Resources */,
				4C1D04DAAFC9914255B61448 /* [CP] Embed Pods Frameworks */,
				1DC6B7D2669B21CFA0E2A487 /* [CP] Copy Pods Resources */,
			);
			buildRules = (
			);
			dependencies = (
				CCEAD6EA1F3B566C0018404E /* PBXTargetDependency */,
			);
			name = todTests;
			productName = todTests;
			productReference = CCEAD6E81F3B566C0018404E /* todTests.xctest */;
			productType = "com.apple.product-type.bundle.unit-test";
		};
		CCEAD6F21F3B566C0018404E /* todUITests */ = {
			isa = PBXNativeTarget;
			buildConfigurationList = CCEAD7021F3B566C0018404E /* Build configuration list for PBXNativeTarget "todUITests" */;
			buildPhases = (
				48313799FFF1D5616CD34A10 /* [CP] Check Pods Manifest.lock */,
				CCEAD6EF1F3B566C0018404E /* Sources */,
				CCEAD6F01F3B566C0018404E /* Frameworks */,
				CCEAD6F11F3B566C0018404E /* Resources */,
				BDE67A6F4BDE587D12A550DE /* [CP] Embed Pods Frameworks */,
				36D213EBB84B32CB08374DB1 /* [CP] Copy Pods Resources */,
			);
			buildRules = (
			);
			dependencies = (
				CCEAD6F51F3B566C0018404E /* PBXTargetDependency */,
			);
			name = todUITests;
			productName = todUITests;
			productReference = CCEAD6F31F3B566C0018404E /* todUITests.xctest */;
			productType = "com.apple.product-type.bundle.ui-testing";
		};
/* End PBXNativeTarget section */

/* Begin PBXProject section */
		CCEAD6C41F3B566B0018404E /* Project object */ = {
			isa = PBXProject;
			attributes = {
				LastUpgradeCheck = 0830;
				ORGANIZATIONNAME = "Bart Yang";
				TargetAttributes = {
					CCEAD6CB1F3B566B0018404E = {
						CreatedOnToolsVersion = 8.3.3;
						ProvisioningStyle = Automatic;
					};
					CCEAD6E71F3B566C0018404E = {
						CreatedOnToolsVersion = 8.3.3;
						ProvisioningStyle = Automatic;
						TestTargetID = CCEAD6CB1F3B566B0018404E;
					};
					CCEAD6F21F3B566C0018404E = {
						CreatedOnToolsVersion = 8.3.3;
						ProvisioningStyle = Automatic;
						TestTargetID = CCEAD6CB1F3B566B0018404E;
					};
				};
			};
			buildConfigurationList = CCEAD6C71F3B566B0018404E /* Build configuration list for PBXProject "tod" */;
			compatibilityVersion = "Xcode 3.2";
			developmentRegion = English;
			hasScannedForEncodings = 0;
			knownRegions = (
				en,
				Base,
			);
			mainGroup = CCEAD6C31F3B566B0018404E;
			productRefGroup = CCEAD6CD1F3B566C0018404E /* Products */;
			projectDirPath = "";
			projectRoot = "";
			targets = (
				CCEAD6CB1F3B566B0018404E /* tod */,
				CCEAD6E71F3B566C0018404E /* todTests */,
				CCEAD6F21F3B566C0018404E /* todUITests */,
			);
		};
/* End PBXProject section */

/* Begin PBXResourcesBuildPhase section */
		CCEAD6CA1F3B566B0018404E /* Resources */ = {
			isa = PBXResourcesBuildPhase;
			buildActionMask = 2147483647;
			files = (
				CCEAD6E21F3B566C0018404E /* LaunchScreen.storyboard in Resources */,
				CCEAD6DF1F3B566C0018404E /* Assets.xcassets in Resources */,
				CCEAD6DA1F3B566C0018404E /* Main.storyboard in Resources */,
			);
			runOnlyForDeploymentPostprocessing = 0;
		};
		CCEAD6E61F3B566C0018404E /* Resources */ = {
			isa = PBXResourcesBuildPhase;
			buildActionMask = 2147483647;
			files = (
			);
			runOnlyForDeploymentPostprocessing = 0;
		};
		CCEAD6F11F3B566C0018404E /* Resources */ = {
			isa = PBXResourcesBuildPhase;
			buildActionMask = 2147483647;
			files = (
			);
			runOnlyForDeploymentPostprocessing = 0;
		};
/* End PBXResourcesBuildPhase section */

/* Begin PBXShellScriptBuildPhase section */
		1DC6B7D2669B21CFA0E2A487 /* [CP] Copy Pods Resources */ = {
			isa = PBXShellScriptBuildPhase;
			buildActionMask = 2147483647;
			files = (
			);
			inputPaths = (
			);
			name = "[CP] Copy Pods Resources";
			outputPaths = (
			);
			runOnlyForDeploymentPostprocessing = 0;
			shellPath = /bin/sh;
			shellScript = "\"${SRCROOT}/Pods/Target Support Files/Pods-todTests/Pods-todTests-resources.sh\"\n";
			showEnvVarsInLog = 0;
		};
		36D213EBB84B32CB08374DB1 /* [CP] Copy Pods Resources */ = {
			isa = PBXShellScriptBuildPhase;
			buildActionMask = 2147483647;
			files = (
			);
			inputPaths = (
			);
			name = "[CP] Copy Pods Resources";
			outputPaths = (
			);
			runOnlyForDeploymentPostprocessing = 0;
			shellPath = /bin/sh;
			shellScript = "\"${SRCROOT}/Pods/Target Support Files/Pods-todUITests/Pods-todUITests-resources.sh\"\n";
			showEnvVarsInLog = 0;
		};
		40F7C7D4B9E34DFBD596EC33 /* [CP] Check Pods Manifest.lock */ = {
			isa = PBXShellScriptBuildPhase;
			buildActionMask = 2147483647;
			files = (
			);
			inputPaths = (
				"${PODS_PODFILE_DIR_PATH}/Podfile.lock",
				"${PODS_ROOT}/Manifest.lock",
			);
			name = "[CP] Check Pods Manifest.lock";
			outputPaths = (
				"$(DERIVED_FILE_DIR)/Pods-todTests-checkManifestLockResult.txt",
			);
			runOnlyForDeploymentPostprocessing = 0;
			shellPath = /bin/sh;
			shellScript = "diff \"${PODS_PODFILE_DIR_PATH}/Podfile.lock\" \"${PODS_ROOT}/Manifest.lock\" > /dev/null\nif [ $? != 0 ] ; then\n    # print error to STDERR\n    echo \"error: The sandbox is not in sync with the Podfile.lock. Run 'pod install' or update your CocoaPods installation.\" >&2\n    exit 1\nfi\n# This output is used by Xcode 'outputs' to avoid re-running this script phase.\necho \"SUCCESS\" > \"${SCRIPT_OUTPUT_FILE_0}\"\n";
			showEnvVarsInLog = 0;
		};
		48313799FFF1D5616CD34A10 /* [CP] Check Pods Manifest.lock */ = {
			isa = PBXShellScriptBuildPhase;
			buildActionMask = 2147483647;
			files = (
			);
			inputPaths = (
				"${PODS_PODFILE_DIR_PATH}/Podfile.lock",
				"${PODS_ROOT}/Manifest.lock",
			);
			name = "[CP] Check Pods Manifest.lock";
			outputPaths = (
				"$(DERIVED_FILE_DIR)/Pods-todUITests-checkManifestLockResult.txt",
			);
			runOnlyForDeploymentPostprocessing = 0;
			shellPath = /bin/sh;
			shellScript = "diff \"${PODS_PODFILE_DIR_PATH}/Podfile.lock\" \"${PODS_ROOT}/Manifest.lock\" > /dev/null\nif [ $? != 0 ] ; then\n    # print error to STDERR\n    echo \"error: The sandbox is not in sync with the Podfile.lock. Run 'pod install' or update your CocoaPods installation.\" >&2\n    exit 1\nfi\n# This output is used by Xcode 'outputs' to avoid re-running this script phase.\necho \"SUCCESS\" > \"${SCRIPT_OUTPUT_FILE_0}\"\n";
			showEnvVarsInLog = 0;
		};
		4C1D04DAAFC9914255B61448 /* [CP] Embed Pods Frameworks */ = {
			isa = PBXShellScriptBuildPhase;
			buildActionMask = 2147483647;
			files = (
			);
			inputPaths = (
			);
			name = "[CP] Embed Pods Frameworks";
			outputPaths = (
			);
			runOnlyForDeploymentPostprocessing = 0;
			shellPath = /bin/sh;
			shellScript = "\"${SRCROOT}/Pods/Target Support Files/Pods-todTests/Pods-todTests-frameworks.sh\"\n";
			showEnvVarsInLog = 0;
		};
		797567B8BA6FF9777730FA71 /* [CP] Check Pods Manifest.lock */ = {
			isa = PBXShellScriptBuildPhase;
			buildActionMask = 2147483647;
			files = (
			);
			inputPaths = (
				"${PODS_PODFILE_DIR_PATH}/Podfile.lock",
				"${PODS_ROOT}/Manifest.lock",
			);
			name = "[CP] Check Pods Manifest.lock";
			outputPaths = (
				"$(DERIVED_FILE_DIR)/Pods-tod-checkManifestLockResult.txt",
			);
			runOnlyForDeploymentPostprocessing = 0;
			shellPath = /bin/sh;
			shellScript = "diff \"${PODS_PODFILE_DIR_PATH}/Podfile.lock\" \"${PODS_ROOT}/Manifest.lock\" > /dev/null\nif [ $? != 0 ] ; then\n    # print error to STDERR\n    echo \"error: The sandbox is not in sync with the Podfile.lock. Run 'pod install' or update your CocoaPods installation.\" >&2\n    exit 1\nfi\n# This output is used by Xcode 'outputs' to avoid re-running this script phase.\necho \"SUCCESS\" > \"${SCRIPT_OUTPUT_FILE_0}\"\n";
			showEnvVarsInLog = 0;
		};
		814534C3771E20F7664728A4 /* [CP] Embed Pods Frameworks */ = {
			isa = PBXShellScriptBuildPhase;
			buildActionMask = 2147483647;
			files = (
			);
			inputPaths = (
			);
			name = "[CP] Embed Pods Frameworks";
			outputPaths = (
			);
			runOnlyForDeploymentPostprocessing = 0;
			shellPath = /bin/sh;
			shellScript = "\"${SRCROOT}/Pods/Target Support Files/Pods-tod/Pods-tod-frameworks.sh\"\n";
			showEnvVarsInLog = 0;
		};
		9FADAF829227E76C519C62C9 /* [CP] Copy Pods Resources */ = {
			isa = PBXShellScriptBuildPhase;
			buildActionMask = 2147483647;
			files = (
			);
			inputPaths = (
			);
			name = "[CP] Copy Pods Resources";
			outputPaths = (
			);
			runOnlyForDeploymentPostprocessing = 0;
			shellPath = /bin/sh;
			shellScript = "\"${SRCROOT}/Pods/Target Support Files/Pods-tod/Pods-tod-resources.sh\"\n";
			showEnvVarsInLog = 0;
		};
		BDE67A6F4BDE587D12A550DE /* [CP] Embed Pods Frameworks */ = {
			isa = PBXShellScriptBuildPhase;
			buildActionMask = 2147483647;
			files = (
			);
			inputPaths = (
			);
			name = "[CP] Embed Pods Frameworks";
			outputPaths = (
			);
			runOnlyForDeploymentPostprocessing = 0;
			shellPath = /bin/sh;
			shellScript = "\"${SRCROOT}/Pods/Target Support Files/Pods-todUITests/Pods-todUITests-frameworks.sh\"\n";
			showEnvVarsInLog = 0;
		};
/* End PBXShellScriptBuildPhase section */

/* Begin PBXSourcesBuildPhase section */
		CCEAD6C81F3B566B0018404E /* Sources */ = {
			isa = PBXSourcesBuildPhase;
			buildActionMask = 2147483647;
			files = (
				CCEAD6D71F3B566C0018404E /* ViewController.m in Sources */,
				CCEAD6D41F3B566C0018404E /* AppDelegate.m in Sources */,
				CCEAD6D11F3B566C0018404E /* main.m in Sources */,
				CCEAD6DD1F3B566C0018404E /* tod.xcdatamodeld in Sources */,
			);
			runOnlyForDeploymentPostprocessing = 0;
		};
		CCEAD6E41F3B566C0018404E /* Sources */ = {
			isa = PBXSourcesBuildPhase;
			buildActionMask = 2147483647;
			files = (
				CCEAD6ED1F3B566C0018404E /* todTests.m in Sources */,
			);
			runOnlyForDeploymentPostprocessing = 0;
		};
		CCEAD6EF1F3B566C0018404E /* Sources */ = {
			isa = PBXSourcesBuildPhase;
			buildActionMask = 2147483647;
			files = (
				CCEAD6F81F3B566C0018404E /* todUITests.m in Sources */,
			);
			runOnlyForDeploymentPostprocessing = 0;
		};
/* End PBXSourcesBuildPhase section */

/* Begin PBXTargetDependency section */
		CCEAD6EA1F3B566C0018404E /* PBXTargetDependency */ = {
			isa = PBXTargetDependency;
			target = CCEAD6CB1F3B566B0018404E /* tod */;
			targetProxy = CCEAD6E91F3B566C0018404E /* PBXContainerItemProxy */;
		};
		CCEAD6F51F3B566C0018404E /* PBXTargetDependency */ = {
			isa = PBXTargetDependency;
			target = CCEAD6CB1F3B566B0018404E /* tod */;
			targetProxy = CCEAD6F41F3B566C0018404E /* PBXContainerItemProxy */;
		};
/* End PBXTargetDependency section */

/* Begin PBXVariantGroup section */
		CCEAD6D81F3B566C0018404E /* Main.storyboard */ = {
			isa = PBXVariantGroup;
			children = (
				CCEAD6D91F3B566C0018404E /* Base */,
			);
			name = Main.storyboard;
			sourceTree = "<group>";
		};
		CCEAD6E01F3B566C0018404E /* LaunchScreen.storyboard */ = {
			isa = PBXVariantGroup;
			children = (
				CCEAD6E11F3B566C0018404E /* Base */,
			);
			name = LaunchScreen.storyboard;
			sourceTree = "<group>";
		};
/* End PBXVariantGroup section */

/* Begin XCBuildConfiguration section */
		CCEAD6FA1F3B566C0018404E /* Debug */ = {
			isa = XCBuildConfiguration;
			buildSettings = {
				ALWAYS_SEARCH_USER_PATHS = NO;
				CLANG_ANALYZER_NONNULL = YES;
				CLANG_ANALYZER_NUMBER_OBJECT_CONVERSION = YES_AGGRESSIVE;
				CLANG_CXX_LANGUAGE_STANDARD = "gnu++0x";
				CLANG_CXX_LIBRARY = "libc++";
				CLANG_ENABLE_MODULES = YES;
				CLANG_ENABLE_OBJC_ARC = YES;
				CLANG_WARN_BOOL_CONVERSION = YES;
				CLANG_WARN_CONSTANT_CONVERSION = YES;
				CLANG_WARN_DIRECT_OBJC_ISA_USAGE = YES_ERROR;
				CLANG_WARN_DOCUMENTATION_COMMENTS = YES;
				CLANG_WARN_EMPTY_BODY = YES;
				CLANG_WARN_ENUM_CONVERSION = YES;
				CLANG_WARN_INFINITE_RECURSION = YES;
				CLANG_WARN_INT_CONVERSION = YES;
				CLANG_WARN_OBJC_ROOT_CLASS = YES_ERROR;
				CLANG_WARN_SUSPICIOUS_MOVE = YES;
				CLANG_WARN_UNREACHABLE_CODE = YES;
				CLANG_WARN__DUPLICATE_METHOD_MATCH = YES;
				"CODE_SIGN_IDENTITY[sdk=iphoneos*]" = "iPhone Developer";
				COPY_PHASE_STRIP = NO;
				DEBUG_INFORMATION_FORMAT = dwarf;
				ENABLE_STRICT_OBJC_MSGSEND = YES;
				ENABLE_TESTABILITY = YES;
				GCC_C_LANGUAGE_STANDARD = gnu99;
				GCC_DYNAMIC_NO_PIC = NO;
				GCC_NO_COMMON_BLOCKS = YES;
				GCC_OPTIMIZATION_LEVEL = 0;
				GCC_PREPROCESSOR_DEFINITIONS = (
					"DEBUG=1",
					"$(inherited)",
				);
				GCC_WARN_64_TO_32_BIT_CONVERSION = YES;
				GCC_WARN_ABOUT_RETURN_TYPE = YES_ERROR;
				GCC_WARN_UNDECLARED_SELECTOR = YES;
				GCC_WARN_UNINITIALIZED_AUTOS = YES_AGGRESSIVE;
				GCC_WARN_UNUSED_FUNCTION = YES;
				GCC_WARN_UNUSED_VARIABLE = YES;
				IPHONEOS_DEPLOYMENT_TARGET = 10.3;
				MTL_ENABLE_DEBUG_INFO = YES;
				ONLY_ACTIVE_ARCH = YES;
				SDKROOT = iphoneos;
				TARGETED_DEVICE_FAMILY = "1,2";
			};
			name = Debug;
		};
		CCEAD6FB1F3B566C0018404E /* Release */ = {
			isa = XCBuildConfiguration;
			buildSettings = {
				ALWAYS_SEARCH_USER_PATHS = NO;
				CLANG_ANALYZER_NONNULL = YES;
				CLANG_ANALYZER_NUMBER_OBJECT_CONVERSION = YES_AGGRESSIVE;
				CLANG_CXX_LANGUAGE_STANDARD = "gnu++0x";
				CLANG_CXX_LIBRARY = "libc++";
				CLANG_ENABLE_MODULES = YES;
				CLANG_ENABLE_OBJC_ARC = YES;
				CLANG_WARN_BOOL_CONVERSION = YES;
				CLANG_WARN_CONSTANT_CONVERSION = YES;
				CLANG_WARN_DIRECT_OBJC_ISA_USAGE = YES_ERROR;
				CLANG_WARN_DOCUMENTATION_COMMENTS = YES;
				CLANG_WARN_EMPTY_BODY = YES;
				CLANG_WARN_ENUM_CONVERSION = YES;
				CLANG_WARN_INFINITE_RECURSION = YES;
				CLANG_WARN_INT_CONVERSION = YES;
				CLANG_WARN_OBJC_ROOT_CLASS = YES_ERROR;
				CLANG_WARN_SUSPICIOUS_MOVE = YES;
				CLANG_WARN_UNREACHABLE_CODE = YES;
				CLANG_WARN__DUPLICATE_METHOD_MATCH = YES;
				"CODE_SIGN_IDENTITY[sdk=iphoneos*]" = "iPhone Developer";
				COPY_PHASE_STRIP = NO;
				DEBUG_INFORMATION_FORMAT = "dwarf-with-dsym";
				ENABLE_NS_ASSERTIONS = NO;
				ENABLE_STRICT_OBJC_MSGSEND = YES;
				GCC_C_LANGUAGE_STANDARD = gnu99;
				GCC_NO_COMMON_BLOCKS = YES;
				GCC_WARN_64_TO_32_BIT_CONVERSION = YES;
				GCC_WARN_ABOUT_RETURN_TYPE = YES_ERROR;
				GCC_WARN_UNDECLARED_SELECTOR = YES;
				GCC_WARN_UNINITIALIZED_AUTOS = YES_AGGRESSIVE;
				GCC_WARN_UNUSED_FUNCTION = YES;
				GCC_WARN_UNUSED_VARIABLE = YES;
				IPHONEOS_DEPLOYMENT_TARGET = 10.3;
				MTL_ENABLE_DEBUG_INFO = NO;
				SDKROOT = iphoneos;
				TARGETED_DEVICE_FAMILY = "1,2";
				VALIDATE_PRODUCT = YES;
			};
			name = Release;
		};
		CCEAD6FD1F3B566C0018404E /* Debug */ = {
			isa = XCBuildConfiguration;
			baseConfigurationReference = 97635A9A5080073ED18631FA /* Pods-tod.debug.xcconfig */;
			buildSettings = {
				ASSETCATALOG_COMPILER_APPICON_NAME = AppIcon;
				INFOPLIST_FILE = tod/Info.plist;
				IPHONEOS_DEPLOYMENT_TARGET = 9.0;
				LD_RUNPATH_SEARCH_PATHS = "$(inherited) @executable_path/Frameworks";
				PRODUCT_BUNDLE_IDENTIFIER = com.kktest.tod;
				PRODUCT_NAME = "$(TARGET_NAME)";
				TARGETED_DEVICE_FAMILY = "1,2";
			};
			name = Debug;
		};
		CCEAD6FE1F3B566C0018404E /* Release */ = {
			isa = XCBuildConfiguration;
			baseConfigurationReference = 246C27620041DDBFA42B8BA6 /* Pods-tod.release.xcconfig */;
			buildSettings = {
				ASSETCATALOG_COMPILER_APPICON_NAME = AppIcon;
				INFOPLIST_FILE = tod/Info.plist;
				IPHONEOS_DEPLOYMENT_TARGET = 9.0;
				LD_RUNPATH_SEARCH_PATHS = "$(inherited) @executable_path/Frameworks";
				PRODUCT_BUNDLE_IDENTIFIER = com.kktest.tod;
				PRODUCT_NAME = "$(TARGET_NAME)";
				TARGETED_DEVICE_FAMILY = "1,2";
			};
			name = Release;
		};
		CCEAD7001F3B566C0018404E /* Debug */ = {
			isa = XCBuildConfiguration;
			baseConfigurationReference = C25B883D4E74296E52828D68 /* Pods-todTests.debug.xcconfig */;
			buildSettings = {
				BUNDLE_LOADER = "$(TEST_HOST)";
				INFOPLIST_FILE = todTests/Info.plist;
				LD_RUNPATH_SEARCH_PATHS = "$(inherited) @executable_path/Frameworks @loader_path/Frameworks";
				PRODUCT_BUNDLE_IDENTIFIER = com.kktest.todTests;
				PRODUCT_NAME = "$(TARGET_NAME)";
				TEST_HOST = "$(BUILT_PRODUCTS_DIR)/tod.app/tod";
			};
			name = Debug;
		};
		CCEAD7011F3B566C0018404E /* Release */ = {
			isa = XCBuildConfiguration;
			baseConfigurationReference = 2FEA75576034791608350965 /* Pods-todTests.release.xcconfig */;
			buildSettings = {
				BUNDLE_LOADER = "$(TEST_HOST)";
				INFOPLIST_FILE = todTests/Info.plist;
				LD_RUNPATH_SEARCH_PATHS = "$(inherited) @executable_path/Frameworks @loader_path/Frameworks";
				PRODUCT_BUNDLE_IDENTIFIER = com.kktest.todTests;
				PRODUCT_NAME = "$(TARGET_NAME)";
				TEST_HOST = "$(BUILT_PRODUCTS_DIR)/tod.app/tod";
			};
			name = Release;
		};
		CCEAD7031F3B566C0018404E /* Debug */ = {
			isa = XCBuildConfiguration;
			baseConfigurationReference = D614DE96C126B69C270A058E /* Pods-todUITests.debug.xcconfig */;
			buildSettings = {
				INFOPLIST_FILE = todUITests/Info.plist;
				LD_RUNPATH_SEARCH_PATHS = "$(inherited) @executable_path/Frameworks @loader_path/Frameworks";
				PRODUCT_BUNDLE_IDENTIFIER = com.kktest.todUITests;
				PRODUCT_NAME = "$(TARGET_NAME)";
				TEST_TARGET_NAME = tod;
			};
			name = Debug;
		};
		CCEAD7041F3B566C0018404E /* Release */ = {
			isa = XCBuildConfiguration;
			baseConfigurationReference = 256D6F849D3329CD4FA91A8A /* Pods-todUITests.release.xcconfig */;
			buildSettings = {
				INFOPLIST_FILE = todUITests/Info.plist;
				LD_RUNPATH_SEARCH_PATHS = "$(inherited) @executable_path/Frameworks @loader_path/Frameworks";
				PRODUCT_BUNDLE_IDENTIFIER = com.kktest.todUITests;
				PRODUCT_NAME = "$(TARGET_NAME)";
				TEST_TARGET_NAME = tod;
			};
			name = Release;
		};
/* End XCBuildConfiguration section */

/* Begin XCConfigurationList section */
		CCEAD6C71F3B566B0018404E /* Build configuration list for PBXProject "tod" */ = {
			isa = XCConfigurationList;
			buildConfigurations = (
				CCEAD6FA1F3B566C0018404E /* Debug */,
				CCEAD6FB1F3B566C0018404E /* Release */,
			);
			defaultConfigurationIsVisible = 0;
			defaultConfigurationName = Release;
		};
		CCEAD6FC1F3B566C0018404E /* Build configuration list for PBXNativeTarget "tod" */ = {
			isa = XCConfigurationList;
			buildConfigurations = (
				CCEAD6FD1F3B566C0018404E /* Debug */,
				CCEAD6FE1F3B566C0018404E /* Release */,
			);
			defaultConfigurationIsVisible = 0;
			defaultConfigurationName = Release;
		};
		CCEAD6FF1F3B566C0018404E /* Build configuration list for PBXNativeTarget "todTests" */ = {
			isa = XCConfigurationList;
			buildConfigurations = (
				CCEAD7001F3B566C0018404E /* Debug */,
				CCEAD7011F3B566C0018404E /* Release */,
			);
			defaultConfigurationIsVisible = 0;
			defaultConfigurationName = Release;
		};
		CCEAD7021F3B566C0018404E /* Build configuration list for PBXNativeTarget "todUITests" */ = {
			isa = XCConfigurationList;
			buildConfigurations = (
				CCEAD7031F3B566C0018404E /* Debug */,
				CCEAD7041F3B566C0018404E /* Release */,
			);
			defaultConfigurationIsVisible = 0;
			defaultConfigurationName = Release;
		};
/* End XCConfigurationList section */

/* Begin XCVersionGroup section */
		CCEAD6DB1F3B566C0018404E /* tod.xcdatamodeld */ = {
			isa = XCVersionGroup;
			children = (
				CCEAD6DC1F3B566C0018404E /* tod.xcdatamodel */,
			);
			currentVersion = CCEAD6DC1F3B566C0018404E /* tod.xcdatamodel */;
			path = tod.xcdatamodeld;
			sourceTree = "<group>";
			versionGroupType = wrapper.xcdatamodel;
		};
/* End XCVersionGroup section */
	};
	rootObject = CCEAD6C41F3B566B0018404E /* Project object */;
}
